
Microsoft Visual Studio Solution File, Format Version 12.00
# Visual Studio Version 16
VisualStudioVersion = 16.0.31019.35
MinimumVisualStudioVersion = 10.0.40219.1
Project("{DB9320F0-83EF-461C-8314-0A31B82490DE}") = "Client", "Client.csproj", "{77A29565-5598-4BF3-AFA0-882AD5F63727}"
EndProject
Global
	GlobalSection(SolutionConfigurationPlatforms) = preSolution
		Debug|Any CPU = Debug|Any CPU
		Release|Any CPU = Release|Any CPU
	EndGlobalSection
	GlobalSection(ProjectConfigurationPlatforms) = postSolution
		{77A29565-5598-4BF3-AFA0-882AD5F63727}.Debug|Any CPU.ActiveCfg = Debug|Any CPU
		{77A29565-5598-4BF3-AFA0-882AD5F63727}.Debug|Any CPU.Build.0 = Debug|Any CPU
		{77A29565-5598-4BF3-AFA0-882AD5F63727}.Release|Any CPU.ActiveCfg = Release|Any CPU
		{77A29565-5598-4BF3-AFA0-882AD5F63727}.Release|Any CPU.Build.0 = Release|Any CPU
	EndGlobalSection
	GlobalSection(SolutionProperties) = preSolution
		HideSolutionNode = FALSE
	EndGlobalSection
	GlobalSection(ExtensibilityGlobals) = postSolution
		SolutionGuid = {DA1C0A46-0826-4ABB-9099-0DE0ACB33531}
	EndGlobalSection
EndGlobal
